
Microsoft Visual Studio Solution File, Format Version 12.00
# Visual Studio 15
VisualStudioVersion = 15.0.28010.2036
MinimumVisualStudioVersion = 10.0.40219.1
Project("{FAE04EC0-301F-11D3-BF4B-00C04F79EFBC}") = "Songsong", "Songsong\Songsong.csproj", "{4579D7C6-B6F8-4911-B89B-A26C12FDB5FF}"
EndProject
Global
	GlobalSection(SolutionConfigurationPlatforms) = preSolution
		Debug|Any CPU = Debug|Any CPU
		Release|Any CPU = Release|Any CPU
	EndGlobalSection
	GlobalSection(ProjectConfigurationPlatforms) = postSolution
		{4579D7C6-B6F8-4911-B89B-A26C12FDB5FF}.Debug|Any CPU.ActiveCfg = Debug|Any CPU
		{4579D7C6-B6F8-4911-B89B-A26C12FDB5FF}.Debug|Any CPU.Build.0 = Debug|Any CPU
		{4579D7C6-B6F8-4911-B89B-A26C12FDB5FF}.Release|Any CPU.ActiveCfg = Release|Any CPU
		{4579D7C6-B6F8-4911-B89B-A26C12FDB5FF}.Release|Any CPU.Build.0 = Release|Any CPU
	EndGlobalSection
	GlobalSection(SolutionProperties) = preSolution
		HideSolutionNode = FALSE
	EndGlobalSection
	GlobalSection(ExtensibilityGlobals) = postSolution
		SolutionGuid = {B67FB163-F764-4EF6-A521-6DC3CE332999}
	EndGlobalSection
EndGlobal
